
Microsoft Visual Studio Solution File, Format Version 12.00
# Visual Studio Version 17
VisualStudioVersion = 17.11.35208.52
MinimumVisualStudioVersion = 10.0.40219.1
Project("{2150E333-8FDC-42A3-9474-1A3956D46DE8}") = "Api.Gateway", "Api.Gateway", "{5C4B0170-7D8C-4057-A698-6CDC778518EA}"
EndProject
Project("{2150E333-8FDC-42A3-9474-1A3956D46DE8}") = "Services", "Services", "{F0A40A30-FC88-42AB-ABDF-7AA1D68391E5}"
EndProject
Project("{2150E333-8FDC-42A3-9474-1A3956D46DE8}") = "Catalog", "Catalog", "{A07709C0-8F49-4371-9836-C609576206DE}"
EndProject
Project("{2150E333-8FDC-42A3-9474-1A3956D46DE8}") = "Product", "Product", "{2A6CFD7D-4804-4490-AE6D-8E36387CABC1}"
EndProject
Project("{9A19103F-16F7-4668-BE54-9A1E7A4F7556}") = "Product.Api", "src\Api.Produto\Product.Api.csproj", "{883AD52C-60A6-4EB2-8BDA-FAC86D483561}"
EndProject
Project("{9A19103F-16F7-4668-BE54-9A1E7A4F7556}") = "Catalog.Api", "src\Api.Catalogo\Catalog.Api.csproj", "{A66D24BA-E183-4DEA-92E7-60C420E95183}"
EndProject
Project("{9A19103F-16F7-4668-BE54-9A1E7A4F7556}") = "Catalog.Api.Tests", "src\Api.Catalogo.Tests\Catalog.Api.Tests.csproj", "{54B2A6E1-F60D-4D30-9A79-ECABD2928E9F}"
EndProject
Project("{9A19103F-16F7-4668-BE54-9A1E7A4F7556}") = "Api.Gateway", "src\Api.Gateway\Api.Gateway.csproj", "{FA257146-FAAE-4FE0-B122-73DD8DC160DA}"
EndProject
Project("{9A19103F-16F7-4668-BE54-9A1E7A4F7556}") = "Api.Gateway.Tests", "src\Api.Gateway.Tests\Api.Gateway.Tests.csproj", "{212CC0DE-4CD7-42C7-B308-CE31D3AA2A2A}"
EndProject
Project("{9A19103F-16F7-4668-BE54-9A1E7A4F7556}") = "Product.Api.Tests", "src\Api.Produto.Tests\Product.Api.Tests.csproj", "{C710DDDC-5C24-4813-BC29-BA5EC4A9330F}"
EndProject
Project("{9A19103F-16F7-4668-BE54-9A1E7A4F7556}") = "Messaging.Contracts", "src\Messaging.Contracts\Messaging.Contracts.csproj", "{05A34F6F-05E9-41D8-88E2-AA6B098990F4}"
EndProject
Project("{2150E333-8FDC-42A3-9474-1A3956D46DE8}") = "Shared", "Shared", "{02837D81-1053-4E8D-B5E4-D3A78EECDD7A}"
EndProject
Project("{9A19103F-16F7-4668-BE54-9A1E7A4F7556}") = "Catalog.Infrastructure", "src\Catalog.Infrastructure\Catalog.Infrastructure.csproj", "{A2134E2E-A653-47B8-A4A3-0EA66BA4575E}"
EndProject
Project("{9A19103F-16F7-4668-BE54-9A1E7A4F7556}") = "Catalog.Domain", "src\Catalog.Domain\Catalog.Domain.csproj", "{B20FC712-3C23-4DA9-AC02-1C72605E8FD7}"
EndProject
Project("{2150E333-8FDC-42A3-9474-1A3956D46DE8}") = "Auth", "Auth", "{C56846FC-76CD-4EC8-8748-FFC729678CA3}"
EndProject
Project("{9A19103F-16F7-4668-BE54-9A1E7A4F7556}") = "Auth.Api", "src\Auth.Api\Auth.Api.csproj", "{2265C4D0-F309-4226-A5F2-028C8C773FB9}"
EndProject
Project("{2150E333-8FDC-42A3-9474-1A3956D46DE8}") = "Billing", "Billing", "{BDDB4CB9-BE1B-4499-90AA-0C7D260FB47D}"
EndProject
Project("{2150E333-8FDC-42A3-9474-1A3956D46DE8}") = "Order", "Order", "{33784963-1073-480C-8440-76CC97927538}"
EndProject
Project("{2150E333-8FDC-42A3-9474-1A3956D46DE8}") = "Basket", "Basket", "{AD162F7B-588E-4BE2-B8D3-B357FA35B81E}"
EndProject
Project("{2150E333-8FDC-42A3-9474-1A3956D46DE8}") = "Discount", "Discount", "{A140391B-55D2-4911-8B0F-28D158B47EB3}"
EndProject
Project("{9A19103F-16F7-4668-BE54-9A1E7A4F7556}") = "Order.Api", "src\Order.Api\Order.Api.csproj", "{A4D2E298-FBAF-431A-9F36-33ECD3973DD0}"
EndProject
Project("{9A19103F-16F7-4668-BE54-9A1E7A4F7556}") = "Discount.Api", "src\Discount.Api\Discount.Api.csproj", "{630CFF47-D003-49C7-B7CC-DDA15CBEBDEC}"
EndProject
Project("{9A19103F-16F7-4668-BE54-9A1E7A4F7556}") = "Basket.Api", "src\Basket.Api\Basket.Api.csproj", "{F40E5176-9BB3-49B8-9688-2B31ACA51E2C}"
EndProject
Project("{9A19103F-16F7-4668-BE54-9A1E7A4F7556}") = "Order.Infrastructure", "src\Order.Infrastructure\Order.Infrastructure.csproj", "{CA28F873-23E1-4787-8AED-CB1B24504733}"
EndProject
Project("{9A19103F-16F7-4668-BE54-9A1E7A4F7556}") = "Order.Domain", "src\Order.Domain\Order.Domain.csproj", "{C2BFD586-2BF3-4CF1-ACB1-1DEC8F7B2EDA}"
EndProject
Project("{9A19103F-16F7-4668-BE54-9A1E7A4F7556}") = "Discount.Domain", "src\Discount.Domain\Discount.Domain.csproj", "{C7056EA5-1970-4302-83E1-6A82733E03CB}"
EndProject
Project("{9A19103F-16F7-4668-BE54-9A1E7A4F7556}") = "Discount.Infrastructure", "src\Discount.Infrastructure\Discount.Infrastructure.csproj", "{8E32C64C-C50F-4B97-BF61-DB033B969121}"
EndProject
Project("{9A19103F-16F7-4668-BE54-9A1E7A4F7556}") = "Basket.Infrastructure", "src\Basket.Infrastructure\Basket.Infrastructure.csproj", "{629637AF-F4E9-4254-931F-1BE72CF50060}"
EndProject
Project("{9A19103F-16F7-4668-BE54-9A1E7A4F7556}") = "Basket.Domain", "src\Basket.Domain\Basket.Domain.csproj", "{CBC39590-5CAD-496F-806F-B0CAF1179BD4}"
EndProject
Project("{9A19103F-16F7-4668-BE54-9A1E7A4F7556}") = "Auth.Tests", "src\Auth.Tests\Auth.Tests.csproj", "{DD62885A-1CE4-435D-A2A2-A2FC14643CF1}"
EndProject
Project("{9A19103F-16F7-4668-BE54-9A1E7A4F7556}") = "Basket.Test", "src\Basket.Test\Basket.Test.csproj", "{06AD6604-F991-4EA4-A9E8-06968C8DC7C5}"
EndProject
Project("{FAE04EC0-301F-11D3-BF4B-00C04F79EFBC}") = "Discount.Test", "src\Discount.Test\Discount.Test.csproj", "{8211A4B4-6E4E-4C5C-8E0C-3D053D15B90A}"
EndProject
Project("{FAE04EC0-301F-11D3-BF4B-00C04F79EFBC}") = "Shared.Kernel", "src\Shared.Kernel\Shared.Kernel.csproj", "{3F5B447F-EB03-4C23-8BA2-4E6DC5C5B0BE}"
EndProject
Project("{FAE04EC0-301F-11D3-BF4B-00C04F79EFBC}") = "Message.Broker", "src\Message.Broker\Message.Broker.csproj", "{7C52A7BE-3D4B-418F-9BC6-74BBEF8F560F}"
EndProject
Project("{FAE04EC0-301F-11D3-BF4B-00C04F79EFBC}") = "Product.Application", "src\Product.Application\Product.Application.csproj", "{1424DF47-4006-4CC9-B59B-7FC20646758A}"
EndProject
Project("{FAE04EC0-301F-11D3-BF4B-00C04F79EFBC}") = "Billing.Application", "src\Billing.Application\Billing.Application.csproj", "{283D1520-4763-4C05-B061-E2A410E90FEA}"
EndProject
Project("{FAE04EC0-301F-11D3-BF4B-00C04F79EFBC}") = "Order.Application", "src\Order.Application\Order.Application.csproj", "{AAF56C62-4C01-4E0C-BEC9-9F9A97F4147B}"
EndProject
Project("{FAE04EC0-301F-11D3-BF4B-00C04F79EFBC}") = "Order.Tests", "src\Order.Tests\Order.Tests.csproj", "{2CF5D6E4-4F76-43EB-B4FD-4AF544B92D98}"
EndProject
Project("{FAE04EC0-301F-11D3-BF4B-00C04F79EFBC}") = "Billing.Tests", "src\Billing.Tests\Billing.Tests.csproj", "{08E79023-28C3-42E9-A6B1-DB25C9F6843F}"
EndProject
Project("{FAE04EC0-301F-11D3-BF4B-00C04F79EFBC}") = "Product.Infrastructure", "src\Product.Infrastructure\Product.Infrastructure.csproj", "{232C62E7-BE71-4A2C-82A9-50671AD5B271}"
EndProject
Project("{FAE04EC0-301F-11D3-BF4B-00C04F79EFBC}") = "Product.Domain", "src\Product.Domain\Product.Domain.csproj", "{9A9FD0CD-40EB-4E21-A27D-6AF1E6A77288}"
EndProject
Project("{FAE04EC0-301F-11D3-BF4B-00C04F79EFBC}") = "Billing.Api", "src\Billing.Api\Billing.Api.csproj", "{D3C786CE-262A-4ABB-9EC3-E70A9F5637AB}"
EndProject
Project("{FAE04EC0-301F-11D3-BF4B-00C04F79EFBC}") = "Billing.Domain", "src\Billing.Domain\Billing.Domain.csproj", "{D97BF838-4D54-46BA-84E8-BA18ABE29F45}"
EndProject
Project("{FAE04EC0-301F-11D3-BF4B-00C04F79EFBC}") = "Billing.Infrastructure", "src\Billing.Infrastructure\Billing.Infrastructure.csproj", "{77E106F8-E81A-4DE2-9301-952D2411B6BB}"
EndProject
Project("{FAE04EC0-301F-11D3-BF4B-00C04F79EFBC}") = "Catalog.Application", "src\Catalog.Application\Catalog.Application.csproj", "{AA7243DB-3DA9-4713-A74B-9776901171AD}"
EndProject
Global
	GlobalSection(SolutionConfigurationPlatforms) = preSolution
		Debug|Any CPU = Debug|Any CPU
		Release|Any CPU = Release|Any CPU
	EndGlobalSection
	GlobalSection(ProjectConfigurationPlatforms) = postSolution
		{883AD52C-60A6-4EB2-8BDA-FAC86D483561}.Debug|Any CPU.ActiveCfg = Debug|Any CPU
		{883AD52C-60A6-4EB2-8BDA-FAC86D483561}.Debug|Any CPU.Build.0 = Debug|Any CPU
		{883AD52C-60A6-4EB2-8BDA-FAC86D483561}.Release|Any CPU.ActiveCfg = Release|Any CPU
		{883AD52C-60A6-4EB2-8BDA-FAC86D483561}.Release|Any CPU.Build.0 = Release|Any CPU
		{A66D24BA-E183-4DEA-92E7-60C420E95183}.Debug|Any CPU.ActiveCfg = Debug|Any CPU
		{A66D24BA-E183-4DEA-92E7-60C420E95183}.Debug|Any CPU.Build.0 = Debug|Any CPU
		{A66D24BA-E183-4DEA-92E7-60C420E95183}.Release|Any CPU.ActiveCfg = Release|Any CPU
		{A66D24BA-E183-4DEA-92E7-60C420E95183}.Release|Any CPU.Build.0 = Release|Any CPU
		{54B2A6E1-F60D-4D30-9A79-ECABD2928E9F}.Debug|Any CPU.ActiveCfg = Debug|Any CPU
		{54B2A6E1-F60D-4D30-9A79-ECABD2928E9F}.Debug|Any CPU.Build.0 = Debug|Any CPU
		{54B2A6E1-F60D-4D30-9A79-ECABD2928E9F}.Release|Any CPU.ActiveCfg = Release|Any CPU
		{54B2A6E1-F60D-4D30-9A79-ECABD2928E9F}.Release|Any CPU.Build.0 = Release|Any CPU
		{FA257146-FAAE-4FE0-B122-73DD8DC160DA}.Debug|Any CPU.ActiveCfg = Debug|Any CPU
		{FA257146-FAAE-4FE0-B122-73DD8DC160DA}.Debug|Any CPU.Build.0 = Debug|Any CPU
		{FA257146-FAAE-4FE0-B122-73DD8DC160DA}.Release|Any CPU.ActiveCfg = Release|Any CPU
		{FA257146-FAAE-4FE0-B122-73DD8DC160DA}.Release|Any CPU.Build.0 = Release|Any CPU
		{212CC0DE-4CD7-42C7-B308-CE31D3AA2A2A}.Debug|Any CPU.ActiveCfg = Debug|Any CPU
		{212CC0DE-4CD7-42C7-B308-CE31D3AA2A2A}.Debug|Any CPU.Build.0 = Debug|Any CPU
		{212CC0DE-4CD7-42C7-B308-CE31D3AA2A2A}.Release|Any CPU.ActiveCfg = Release|Any CPU
		{212CC0DE-4CD7-42C7-B308-CE31D3AA2A2A}.Release|Any CPU.Build.0 = Release|Any CPU
		{C710DDDC-5C24-4813-BC29-BA5EC4A9330F}.Debug|Any CPU.ActiveCfg = Debug|Any CPU
		{C710DDDC-5C24-4813-BC29-BA5EC4A9330F}.Debug|Any CPU.Build.0 = Debug|Any CPU
		{C710DDDC-5C24-4813-BC29-BA5EC4A9330F}.Release|Any CPU.ActiveCfg = Release|Any CPU
		{C710DDDC-5C24-4813-BC29-BA5EC4A9330F}.Release|Any CPU.Build.0 = Release|Any CPU
		{05A34F6F-05E9-41D8-88E2-AA6B098990F4}.Debug|Any CPU.ActiveCfg = Debug|Any CPU
		{05A34F6F-05E9-41D8-88E2-AA6B098990F4}.Debug|Any CPU.Build.0 = Debug|Any CPU
		{05A34F6F-05E9-41D8-88E2-AA6B098990F4}.Release|Any CPU.ActiveCfg = Release|Any CPU
		{05A34F6F-05E9-41D8-88E2-AA6B098990F4}.Release|Any CPU.Build.0 = Release|Any CPU
		{A2134E2E-A653-47B8-A4A3-0EA66BA4575E}.Debug|Any CPU.ActiveCfg = Debug|Any CPU
		{A2134E2E-A653-47B8-A4A3-0EA66BA4575E}.Debug|Any CPU.Build.0 = Debug|Any CPU
		{A2134E2E-A653-47B8-A4A3-0EA66BA4575E}.Release|Any CPU.ActiveCfg = Release|Any CPU
		{A2134E2E-A653-47B8-A4A3-0EA66BA4575E}.Release|Any CPU.Build.0 = Release|Any CPU
		{B20FC712-3C23-4DA9-AC02-1C72605E8FD7}.Debug|Any CPU.ActiveCfg = Debug|Any CPU
		{B20FC712-3C23-4DA9-AC02-1C72605E8FD7}.Debug|Any CPU.Build.0 = Debug|Any CPU
		{B20FC712-3C23-4DA9-AC02-1C72605E8FD7}.Release|Any CPU.ActiveCfg = Release|Any CPU
		{B20FC712-3C23-4DA9-AC02-1C72605E8FD7}.Release|Any CPU.Build.0 = Release|Any CPU
		{2265C4D0-F309-4226-A5F2-028C8C773FB9}.Debug|Any CPU.ActiveCfg = Debug|Any CPU
		{2265C4D0-F309-4226-A5F2-028C8C773FB9}.Debug|Any CPU.Build.0 = Debug|Any CPU
		{2265C4D0-F309-4226-A5F2-028C8C773FB9}.Release|Any CPU.ActiveCfg = Release|Any CPU
		{2265C4D0-F309-4226-A5F2-028C8C773FB9}.Release|Any CPU.Build.0 = Release|Any CPU
		{A4D2E298-FBAF-431A-9F36-33ECD3973DD0}.Debug|Any CPU.ActiveCfg = Debug|Any CPU
		{A4D2E298-FBAF-431A-9F36-33ECD3973DD0}.Debug|Any CPU.Build.0 = Debug|Any CPU
		{A4D2E298-FBAF-431A-9F36-33ECD3973DD0}.Release|Any CPU.ActiveCfg = Release|Any CPU
		{A4D2E298-FBAF-431A-9F36-33ECD3973DD0}.Release|Any CPU.Build.0 = Release|Any CPU
		{630CFF47-D003-49C7-B7CC-DDA15CBEBDEC}.Debug|Any CPU.ActiveCfg = Debug|Any CPU
		{630CFF47-D003-49C7-B7CC-DDA15CBEBDEC}.Debug|Any CPU.Build.0 = Debug|Any CPU
		{630CFF47-D003-49C7-B7CC-DDA15CBEBDEC}.Release|Any CPU.ActiveCfg = Release|Any CPU
		{630CFF47-D003-49C7-B7CC-DDA15CBEBDEC}.Release|Any CPU.Build.0 = Release|Any CPU
		{F40E5176-9BB3-49B8-9688-2B31ACA51E2C}.Debug|Any CPU.ActiveCfg = Debug|Any CPU
		{F40E5176-9BB3-49B8-9688-2B31ACA51E2C}.Debug|Any CPU.Build.0 = Debug|Any CPU
		{F40E5176-9BB3-49B8-9688-2B31ACA51E2C}.Release|Any CPU.ActiveCfg = Release|Any CPU
		{F40E5176-9BB3-49B8-9688-2B31ACA51E2C}.Release|Any CPU.Build.0 = Release|Any CPU
		{CA28F873-23E1-4787-8AED-CB1B24504733}.Debug|Any CPU.ActiveCfg = Debug|Any CPU
		{CA28F873-23E1-4787-8AED-CB1B24504733}.Debug|Any CPU.Build.0 = Debug|Any CPU
		{CA28F873-23E1-4787-8AED-CB1B24504733}.Release|Any CPU.ActiveCfg = Release|Any CPU
		{CA28F873-23E1-4787-8AED-CB1B24504733}.Release|Any CPU.Build.0 = Release|Any CPU
		{C2BFD586-2BF3-4CF1-ACB1-1DEC8F7B2EDA}.Debug|Any CPU.ActiveCfg = Debug|Any CPU
		{C2BFD586-2BF3-4CF1-ACB1-1DEC8F7B2EDA}.Debug|Any CPU.Build.0 = Debug|Any CPU
		{C2BFD586-2BF3-4CF1-ACB1-1DEC8F7B2EDA}.Release|Any CPU.ActiveCfg = Release|Any CPU
		{C2BFD586-2BF3-4CF1-ACB1-1DEC8F7B2EDA}.Release|Any CPU.Build.0 = Release|Any CPU
		{C7056EA5-1970-4302-83E1-6A82733E03CB}.Debug|Any CPU.ActiveCfg = Debug|Any CPU
		{C7056EA5-1970-4302-83E1-6A82733E03CB}.Debug|Any CPU.Build.0 = Debug|Any CPU
		{C7056EA5-1970-4302-83E1-6A82733E03CB}.Release|Any CPU.ActiveCfg = Release|Any CPU
		{C7056EA5-1970-4302-83E1-6A82733E03CB}.Release|Any CPU.Build.0 = Release|Any CPU
		{8E32C64C-C50F-4B97-BF61-DB033B969121}.Debug|Any CPU.ActiveCfg = Debug|Any CPU
		{8E32C64C-C50F-4B97-BF61-DB033B969121}.Debug|Any CPU.Build.0 = Debug|Any CPU
		{8E32C64C-C50F-4B97-BF61-DB033B969121}.Release|Any CPU.ActiveCfg = Release|Any CPU
		{8E32C64C-C50F-4B97-BF61-DB033B969121}.Release|Any CPU.Build.0 = Release|Any CPU
		{629637AF-F4E9-4254-931F-1BE72CF50060}.Debug|Any CPU.ActiveCfg = Debug|Any CPU
		{629637AF-F4E9-4254-931F-1BE72CF50060}.Debug|Any CPU.Build.0 = Debug|Any CPU
		{629637AF-F4E9-4254-931F-1BE72CF50060}.Release|Any CPU.ActiveCfg = Release|Any CPU
		{629637AF-F4E9-4254-931F-1BE72CF50060}.Release|Any CPU.Build.0 = Release|Any CPU
		{CBC39590-5CAD-496F-806F-B0CAF1179BD4}.Debug|Any CPU.ActiveCfg = Debug|Any CPU
		{CBC39590-5CAD-496F-806F-B0CAF1179BD4}.Debug|Any CPU.Build.0 = Debug|Any CPU
		{CBC39590-5CAD-496F-806F-B0CAF1179BD4}.Release|Any CPU.ActiveCfg = Release|Any CPU
		{CBC39590-5CAD-496F-806F-B0CAF1179BD4}.Release|Any CPU.Build.0 = Release|Any CPU
		{DD62885A-1CE4-435D-A2A2-A2FC14643CF1}.Debug|Any CPU.ActiveCfg = Debug|Any CPU
		{DD62885A-1CE4-435D-A2A2-A2FC14643CF1}.Debug|Any CPU.Build.0 = Debug|Any CPU
		{DD62885A-1CE4-435D-A2A2-A2FC14643CF1}.Release|Any CPU.ActiveCfg = Release|Any CPU
		{DD62885A-1CE4-435D-A2A2-A2FC14643CF1}.Release|Any CPU.Build.0 = Release|Any CPU
		{06AD6604-F991-4EA4-A9E8-06968C8DC7C5}.Debug|Any CPU.ActiveCfg = Debug|Any CPU
		{06AD6604-F991-4EA4-A9E8-06968C8DC7C5}.Debug|Any CPU.Build.0 = Debug|Any CPU
		{06AD6604-F991-4EA4-A9E8-06968C8DC7C5}.Release|Any CPU.ActiveCfg = Release|Any CPU
		{06AD6604-F991-4EA4-A9E8-06968C8DC7C5}.Release|Any CPU.Build.0 = Release|Any CPU
		{8211A4B4-6E4E-4C5C-8E0C-3D053D15B90A}.Debug|Any CPU.ActiveCfg = Debug|Any CPU
		{8211A4B4-6E4E-4C5C-8E0C-3D053D15B90A}.Debug|Any CPU.Build.0 = Debug|Any CPU
		{8211A4B4-6E4E-4C5C-8E0C-3D053D15B90A}.Release|Any CPU.ActiveCfg = Release|Any CPU
		{8211A4B4-6E4E-4C5C-8E0C-3D053D15B90A}.Release|Any CPU.Build.0 = Release|Any CPU
		{3F5B447F-EB03-4C23-8BA2-4E6DC5C5B0BE}.Debug|Any CPU.ActiveCfg = Debug|Any CPU
		{3F5B447F-EB03-4C23-8BA2-4E6DC5C5B0BE}.Debug|Any CPU.Build.0 = Debug|Any CPU
		{3F5B447F-EB03-4C23-8BA2-4E6DC5C5B0BE}.Release|Any CPU.ActiveCfg = Release|Any CPU
		{3F5B447F-EB03-4C23-8BA2-4E6DC5C5B0BE}.Release|Any CPU.Build.0 = Release|Any CPU
		{7C52A7BE-3D4B-418F-9BC6-74BBEF8F560F}.Debug|Any CPU.ActiveCfg = Debug|Any CPU
		{7C52A7BE-3D4B-418F-9BC6-74BBEF8F560F}.Debug|Any CPU.Build.0 = Debug|Any CPU
		{7C52A7BE-3D4B-418F-9BC6-74BBEF8F560F}.Release|Any CPU.ActiveCfg = Release|Any CPU
		{7C52A7BE-3D4B-418F-9BC6-74BBEF8F560F}.Release|Any CPU.Build.0 = Release|Any CPU
		{1424DF47-4006-4CC9-B59B-7FC20646758A}.Debug|Any CPU.ActiveCfg = Debug|Any CPU
		{1424DF47-4006-4CC9-B59B-7FC20646758A}.Debug|Any CPU.Build.0 = Debug|Any CPU
		{1424DF47-4006-4CC9-B59B-7FC20646758A}.Release|Any CPU.ActiveCfg = Release|Any CPU
		{1424DF47-4006-4CC9-B59B-7FC20646758A}.Release|Any CPU.Build.0 = Release|Any CPU
		{283D1520-4763-4C05-B061-E2A410E90FEA}.Debug|Any CPU.ActiveCfg = Debug|Any CPU
		{283D1520-4763-4C05-B061-E2A410E90FEA}.Debug|Any CPU.Build.0 = Debug|Any CPU
		{283D1520-4763-4C05-B061-E2A410E90FEA}.Release|Any CPU.ActiveCfg = Release|Any CPU
		{283D1520-4763-4C05-B061-E2A410E90FEA}.Release|Any CPU.Build.0 = Release|Any CPU
		{AAF56C62-4C01-4E0C-BEC9-9F9A97F4147B}.Debug|Any CPU.ActiveCfg = Debug|Any CPU
		{AAF56C62-4C01-4E0C-BEC9-9F9A97F4147B}.Debug|Any CPU.Build.0 = Debug|Any CPU
		{AAF56C62-4C01-4E0C-BEC9-9F9A97F4147B}.Release|Any CPU.ActiveCfg = Release|Any CPU
		{AAF56C62-4C01-4E0C-BEC9-9F9A97F4147B}.Release|Any CPU.Build.0 = Release|Any CPU
		{2CF5D6E4-4F76-43EB-B4FD-4AF544B92D98}.Debug|Any CPU.ActiveCfg = Debug|Any CPU
		{2CF5D6E4-4F76-43EB-B4FD-4AF544B92D98}.Debug|Any CPU.Build.0 = Debug|Any CPU
		{2CF5D6E4-4F76-43EB-B4FD-4AF544B92D98}.Release|Any CPU.ActiveCfg = Release|Any CPU
		{2CF5D6E4-4F76-43EB-B4FD-4AF544B92D98}.Release|Any CPU.Build.0 = Release|Any CPU
		{08E79023-28C3-42E9-A6B1-DB25C9F6843F}.Debug|Any CPU.ActiveCfg = Debug|Any CPU
		{08E79023-28C3-42E9-A6B1-DB25C9F6843F}.Debug|Any CPU.Build.0 = Debug|Any CPU
		{08E79023-28C3-42E9-A6B1-DB25C9F6843F}.Release|Any CPU.ActiveCfg = Release|Any CPU
		{08E79023-28C3-42E9-A6B1-DB25C9F6843F}.Release|Any CPU.Build.0 = Release|Any CPU
		{232C62E7-BE71-4A2C-82A9-50671AD5B271}.Debug|Any CPU.ActiveCfg = Debug|Any CPU
		{232C62E7-BE71-4A2C-82A9-50671AD5B271}.Debug|Any CPU.Build.0 = Debug|Any CPU
		{232C62E7-BE71-4A2C-82A9-50671AD5B271}.Release|Any CPU.ActiveCfg = Release|Any CPU
		{232C62E7-BE71-4A2C-82A9-50671AD5B271}.Release|Any CPU.Build.0 = Release|Any CPU
		{9A9FD0CD-40EB-4E21-A27D-6AF1E6A77288}.Debug|Any CPU.ActiveCfg = Debug|Any CPU
		{9A9FD0CD-40EB-4E21-A27D-6AF1E6A77288}.Debug|Any CPU.Build.0 = Debug|Any CPU
		{9A9FD0CD-40EB-4E21-A27D-6AF1E6A77288}.Release|Any CPU.ActiveCfg = Release|Any CPU
		{9A9FD0CD-40EB-4E21-A27D-6AF1E6A77288}.Release|Any CPU.Build.0 = Release|Any CPU
		{D3C786CE-262A-4ABB-9EC3-E70A9F5637AB}.Debug|Any CPU.ActiveCfg = Debug|Any CPU
		{D3C786CE-262A-4ABB-9EC3-E70A9F5637AB}.Debug|Any CPU.Build.0 = Debug|Any CPU
		{D3C786CE-262A-4ABB-9EC3-E70A9F5637AB}.Release|Any CPU.ActiveCfg = Release|Any CPU
		{D3C786CE-262A-4ABB-9EC3-E70A9F5637AB}.Release|Any CPU.Build.0 = Release|Any CPU
		{D97BF838-4D54-46BA-84E8-BA18ABE29F45}.Debug|Any CPU.ActiveCfg = Debug|Any CPU
		{D97BF838-4D54-46BA-84E8-BA18ABE29F45}.Debug|Any CPU.Build.0 = Debug|Any CPU
		{D97BF838-4D54-46BA-84E8-BA18ABE29F45}.Release|Any CPU.ActiveCfg = Release|Any CPU
		{D97BF838-4D54-46BA-84E8-BA18ABE29F45}.Release|Any CPU.Build.0 = Release|Any CPU
		{77E106F8-E81A-4DE2-9301-952D2411B6BB}.Debug|Any CPU.ActiveCfg = Debug|Any CPU
		{77E106F8-E81A-4DE2-9301-952D2411B6BB}.Debug|Any CPU.Build.0 = Debug|Any CPU
		{77E106F8-E81A-4DE2-9301-952D2411B6BB}.Release|Any CPU.ActiveCfg = Release|Any CPU
		{77E106F8-E81A-4DE2-9301-952D2411B6BB}.Release|Any CPU.Build.0 = Release|Any CPU
		{AA7243DB-3DA9-4713-A74B-9776901171AD}.Debug|Any CPU.ActiveCfg = Debug|Any CPU
		{AA7243DB-3DA9-4713-A74B-9776901171AD}.Debug|Any CPU.Build.0 = Debug|Any CPU
		{AA7243DB-3DA9-4713-A74B-9776901171AD}.Release|Any CPU.ActiveCfg = Release|Any CPU
		{AA7243DB-3DA9-4713-A74B-9776901171AD}.Release|Any CPU.Build.0 = Release|Any CPU
	EndGlobalSection
	GlobalSection(SolutionProperties) = preSolution
		HideSolutionNode = FALSE
	EndGlobalSection
	GlobalSection(NestedProjects) = preSolution
		{A07709C0-8F49-4371-9836-C609576206DE} = {F0A40A30-FC88-42AB-ABDF-7AA1D68391E5}
		{2A6CFD7D-4804-4490-AE6D-8E36387CABC1} = {F0A40A30-FC88-42AB-ABDF-7AA1D68391E5}
		{883AD52C-60A6-4EB2-8BDA-FAC86D483561} = {2A6CFD7D-4804-4490-AE6D-8E36387CABC1}
		{A66D24BA-E183-4DEA-92E7-60C420E95183} = {A07709C0-8F49-4371-9836-C609576206DE}
		{54B2A6E1-F60D-4D30-9A79-ECABD2928E9F} = {A07709C0-8F49-4371-9836-C609576206DE}
		{FA257146-FAAE-4FE0-B122-73DD8DC160DA} = {5C4B0170-7D8C-4057-A698-6CDC778518EA}
		{212CC0DE-4CD7-42C7-B308-CE31D3AA2A2A} = {5C4B0170-7D8C-4057-A698-6CDC778518EA}
		{C710DDDC-5C24-4813-BC29-BA5EC4A9330F} = {2A6CFD7D-4804-4490-AE6D-8E36387CABC1}
		{05A34F6F-05E9-41D8-88E2-AA6B098990F4} = {02837D81-1053-4E8D-B5E4-D3A78EECDD7A}
		{A2134E2E-A653-47B8-A4A3-0EA66BA4575E} = {A07709C0-8F49-4371-9836-C609576206DE}
		{B20FC712-3C23-4DA9-AC02-1C72605E8FD7} = {A07709C0-8F49-4371-9836-C609576206DE}
		{C56846FC-76CD-4EC8-8748-FFC729678CA3} = {F0A40A30-FC88-42AB-ABDF-7AA1D68391E5}
		{2265C4D0-F309-4226-A5F2-028C8C773FB9} = {C56846FC-76CD-4EC8-8748-FFC729678CA3}
		{BDDB4CB9-BE1B-4499-90AA-0C7D260FB47D} = {F0A40A30-FC88-42AB-ABDF-7AA1D68391E5}
		{33784963-1073-480C-8440-76CC97927538} = {F0A40A30-FC88-42AB-ABDF-7AA1D68391E5}
		{AD162F7B-588E-4BE2-B8D3-B357FA35B81E} = {F0A40A30-FC88-42AB-ABDF-7AA1D68391E5}
		{A140391B-55D2-4911-8B0F-28D158B47EB3} = {F0A40A30-FC88-42AB-ABDF-7AA1D68391E5}
		{A4D2E298-FBAF-431A-9F36-33ECD3973DD0} = {33784963-1073-480C-8440-76CC97927538}
		{630CFF47-D003-49C7-B7CC-DDA15CBEBDEC} = {A140391B-55D2-4911-8B0F-28D158B47EB3}
		{F40E5176-9BB3-49B8-9688-2B31ACA51E2C} = {AD162F7B-588E-4BE2-B8D3-B357FA35B81E}
		{CA28F873-23E1-4787-8AED-CB1B24504733} = {33784963-1073-480C-8440-76CC97927538}
		{C2BFD586-2BF3-4CF1-ACB1-1DEC8F7B2EDA} = {33784963-1073-480C-8440-76CC97927538}
		{C7056EA5-1970-4302-83E1-6A82733E03CB} = {A140391B-55D2-4911-8B0F-28D158B47EB3}
		{8E32C64C-C50F-4B97-BF61-DB033B969121} = {A140391B-55D2-4911-8B0F-28D158B47EB3}
		{629637AF-F4E9-4254-931F-1BE72CF50060} = {AD162F7B-588E-4BE2-B8D3-B357FA35B81E}
		{CBC39590-5CAD-496F-806F-B0CAF1179BD4} = {AD162F7B-588E-4BE2-B8D3-B357FA35B81E}
		{DD62885A-1CE4-435D-A2A2-A2FC14643CF1} = {C56846FC-76CD-4EC8-8748-FFC729678CA3}
		{06AD6604-F991-4EA4-A9E8-06968C8DC7C5} = {AD162F7B-588E-4BE2-B8D3-B357FA35B81E}
		{8211A4B4-6E4E-4C5C-8E0C-3D053D15B90A} = {A140391B-55D2-4911-8B0F-28D158B47EB3}
		{3F5B447F-EB03-4C23-8BA2-4E6DC5C5B0BE} = {02837D81-1053-4E8D-B5E4-D3A78EECDD7A}
		{7C52A7BE-3D4B-418F-9BC6-74BBEF8F560F} = {02837D81-1053-4E8D-B5E4-D3A78EECDD7A}
		{1424DF47-4006-4CC9-B59B-7FC20646758A} = {2A6CFD7D-4804-4490-AE6D-8E36387CABC1}
		{283D1520-4763-4C05-B061-E2A410E90FEA} = {BDDB4CB9-BE1B-4499-90AA-0C7D260FB47D}
		{AAF56C62-4C01-4E0C-BEC9-9F9A97F4147B} = {33784963-1073-480C-8440-76CC97927538}
		{2CF5D6E4-4F76-43EB-B4FD-4AF544B92D98} = {33784963-1073-480C-8440-76CC97927538}
		{08E79023-28C3-42E9-A6B1-DB25C9F6843F} = {BDDB4CB9-BE1B-4499-90AA-0C7D260FB47D}
		{232C62E7-BE71-4A2C-82A9-50671AD5B271} = {2A6CFD7D-4804-4490-AE6D-8E36387CABC1}
		{9A9FD0CD-40EB-4E21-A27D-6AF1E6A77288} = {2A6CFD7D-4804-4490-AE6D-8E36387CABC1}
		{D3C786CE-262A-4ABB-9EC3-E70A9F5637AB} = {BDDB4CB9-BE1B-4499-90AA-0C7D260FB47D}
		{D97BF838-4D54-46BA-84E8-BA18ABE29F45} = {BDDB4CB9-BE1B-4499-90AA-0C7D260FB47D}
		{77E106F8-E81A-4DE2-9301-952D2411B6BB} = {BDDB4CB9-BE1B-4499-90AA-0C7D260FB47D}
		{AA7243DB-3DA9-4713-A74B-9776901171AD} = {A07709C0-8F49-4371-9836-C609576206DE}
	EndGlobalSection
	GlobalSection(ExtensibilityGlobals) = postSolution
		SolutionGuid = {97771150-AEAB-48C1-B546-BC1ED7374A93}
	EndGlobalSection
EndGlobal
