
Microsoft Visual Studio Solution File, Format Version 12.00
# Visual Studio Version 17
VisualStudioVersion = 17.11.35208.52
MinimumVisualStudioVersion = 10.0.40219.1
Project("{2150E333-8FDC-42A3-9474-1A3956D46DE8}") = "Api.Gateway", "Api.Gateway", "{5C4B0170-7D8C-4057-A698-6CDC778518EA}"
EndProject
Project("{2150E333-8FDC-42A3-9474-1A3956D46DE8}") = "Services", "Services", "{F0A40A30-FC88-42AB-ABDF-7AA1D68391E5}"
EndProject
Project("{2150E333-8FDC-42A3-9474-1A3956D46DE8}") = "Catalog", "Catalog", "{A07709C0-8F49-4371-9836-C609576206DE}"
EndProject
Project("{2150E333-8FDC-42A3-9474-1A3956D46DE8}") = "Product", "Product", "{2A6CFD7D-4804-4490-AE6D-8E36387CABC1}"
EndProject
Project("{9A19103F-16F7-4668-BE54-9A1E7A4F7556}") = "Product.Api", "src\Api.Produto\Product.Api.csproj", "{883AD52C-60A6-4EB2-8BDA-FAC86D483561}"
EndProject
Project("{9A19103F-16F7-4668-BE54-9A1E7A4F7556}") = "Catalog.Api", "src\Api.Catalogo\Catalog.Api.csproj", "{A66D24BA-E183-4DEA-92E7-60C420E95183}"
EndProject
Project("{9A19103F-16F7-4668-BE54-9A1E7A4F7556}") = "Catalog.Api.Tests", "src\Api.Catalogo.Tests\Catalog.Api.Tests.csproj", "{54B2A6E1-F60D-4D30-9A79-ECABD2928E9F}"
EndProject
Project("{9A19103F-16F7-4668-BE54-9A1E7A4F7556}") = "Api.Gateway", "src\Api.Gateway\Api.Gateway.csproj", "{FA257146-FAAE-4FE0-B122-73DD8DC160DA}"
EndProject
Project("{9A19103F-16F7-4668-BE54-9A1E7A4F7556}") = "Api.Gateway.Tests", "src\Api.Gateway.Tests\Api.Gateway.Tests.csproj", "{212CC0DE-4CD7-42C7-B308-CE31D3AA2A2A}"
EndProject
Project("{9A19103F-16F7-4668-BE54-9A1E7A4F7556}") = "Product.Api.Tests", "src\Api.Produto.Tests\Product.Api.Tests.csproj", "{C710DDDC-5C24-4813-BC29-BA5EC4A9330F}"
EndProject
Project("{9A19103F-16F7-4668-BE54-9A1E7A4F7556}") = "Product.Consumer", "src\Product.Consumer\Product.Consumer.csproj", "{4D8CEF03-09BF-4F6D-ADA2-7AEC66806D9C}"
EndProject
Project("{9A19103F-16F7-4668-BE54-9A1E7A4F7556}") = "Messaging.Contracts", "src\Messaging.Contracts\Messaging.Contracts.csproj", "{05A34F6F-05E9-41D8-88E2-AA6B098990F4}"
EndProject
Project("{2150E333-8FDC-42A3-9474-1A3956D46DE8}") = "Shared", "Shared", "{02837D81-1053-4E8D-B5E4-D3A78EECDD7A}"
EndProject
Project("{9A19103F-16F7-4668-BE54-9A1E7A4F7556}") = "Catalog.Infrastructure", "src\Catalog.Infrastructure\Catalog.Infrastructure.csproj", "{A2134E2E-A653-47B8-A4A3-0EA66BA4575E}"
EndProject
Project("{9A19103F-16F7-4668-BE54-9A1E7A4F7556}") = "Catalog.Domain", "src\Catalog.Domain\Catalog.Domain.csproj", "{B20FC712-3C23-4DA9-AC02-1C72605E8FD7}"
EndProject
Project("{9A19103F-16F7-4668-BE54-9A1E7A4F7556}") = "Catalog.Service", "src\Catalog.Services\Catalog.Service.csproj", "{E1E6E142-2A59-4143-96C2-83436E6C7164}"
EndProject
Project("{2150E333-8FDC-42A3-9474-1A3956D46DE8}") = "Consumers", "Consumers", "{DCCDBC52-10C2-49AB-B90C-5DDB377EB403}"
EndProject
Project("{9A19103F-16F7-4668-BE54-9A1E7A4F7556}") = "Application.Dtos", "src\Application.Dtos\Application.Dtos.csproj", "{77D7C67A-156F-4491-A9C0-72F5709C5626}"
EndProject
Project("{2150E333-8FDC-42A3-9474-1A3956D46DE8}") = "Auth", "Auth", "{C56846FC-76CD-4EC8-8748-FFC729678CA3}"
EndProject
Project("{9A19103F-16F7-4668-BE54-9A1E7A4F7556}") = "Auth.Api", "src\Auth.Api\Auth.Api.csproj", "{2265C4D0-F309-4226-A5F2-028C8C773FB9}"
EndProject
Project("{2150E333-8FDC-42A3-9474-1A3956D46DE8}") = "Billing", "Billing", "{BDDB4CB9-BE1B-4499-90AA-0C7D260FB47D}"
EndProject
Project("{2150E333-8FDC-42A3-9474-1A3956D46DE8}") = "Order", "Order", "{33784963-1073-480C-8440-76CC97927538}"
EndProject
Project("{2150E333-8FDC-42A3-9474-1A3956D46DE8}") = "Basket", "Basket", "{AD162F7B-588E-4BE2-B8D3-B357FA35B81E}"
EndProject
Project("{2150E333-8FDC-42A3-9474-1A3956D46DE8}") = "Discount", "Discount", "{A140391B-55D2-4911-8B0F-28D158B47EB3}"
EndProject
Project("{9A19103F-16F7-4668-BE54-9A1E7A4F7556}") = "Product.Domain", "src\Domain\Product.Domain.csproj", "{6DA9B770-F4C6-484C-BA0E-63DFF98055C9}"
EndProject
Project("{9A19103F-16F7-4668-BE54-9A1E7A4F7556}") = "Infrastructure", "src\Infrastructure\Infrastructure.csproj", "{E8E36D04-3A9F-4F21-AE01-3B972FDD1B50}"
EndProject
Project("{9A19103F-16F7-4668-BE54-9A1E7A4F7556}") = "Billing.Api", "src\Payment.Api\Billing.Api.csproj", "{237FCE4B-6014-43CC-8E34-EB96C8C8C2DD}"
EndProject
Project("{9A19103F-16F7-4668-BE54-9A1E7A4F7556}") = "Order.Api", "src\Order.Api\Order.Api.csproj", "{A4D2E298-FBAF-431A-9F36-33ECD3973DD0}"
EndProject
Project("{9A19103F-16F7-4668-BE54-9A1E7A4F7556}") = "Discount.Api", "src\Discount.Api\Discount.Api.csproj", "{630CFF47-D003-49C7-B7CC-DDA15CBEBDEC}"
EndProject
Project("{9A19103F-16F7-4668-BE54-9A1E7A4F7556}") = "Basket.Api", "src\Basket.Api\Basket.Api.csproj", "{F40E5176-9BB3-49B8-9688-2B31ACA51E2C}"
EndProject
Project("{9A19103F-16F7-4668-BE54-9A1E7A4F7556}") = "Order.Service", "src\Order.Service\Order.Service.csproj", "{D1AE83FE-7655-4775-9E96-B7FC1E4310F1}"
EndProject
Project("{9A19103F-16F7-4668-BE54-9A1E7A4F7556}") = "Order.Infrastructure", "src\Order.Infrastructure\Order.Infrastructure.csproj", "{CA28F873-23E1-4787-8AED-CB1B24504733}"
EndProject
Project("{9A19103F-16F7-4668-BE54-9A1E7A4F7556}") = "Order.Domain", "src\Order.Domain\Order.Domain.csproj", "{C2BFD586-2BF3-4CF1-ACB1-1DEC8F7B2EDA}"
EndProject
Project("{9A19103F-16F7-4668-BE54-9A1E7A4F7556}") = "Discount.Domain", "src\Discount.Domain\Discount.Domain.csproj", "{C7056EA5-1970-4302-83E1-6A82733E03CB}"
EndProject
Project("{9A19103F-16F7-4668-BE54-9A1E7A4F7556}") = "Discount.Infrastructure", "src\Discount.Infrastructure\Discount.Infrastructure.csproj", "{8E32C64C-C50F-4B97-BF61-DB033B969121}"
EndProject
Project("{9A19103F-16F7-4668-BE54-9A1E7A4F7556}") = "Billing.Domain", "src\Payment.Domain\Billing.Domain.csproj", "{A3AA5732-AC1A-4C0A-8B6B-248B5C3EA4A1}"
EndProject
Project("{9A19103F-16F7-4668-BE54-9A1E7A4F7556}") = "Billing.Infrastructure", "src\Payment.Infrastructure\Billing.Infrastructure.csproj", "{2A8179F5-934E-4226-95AE-95B066209734}"
EndProject
Project("{9A19103F-16F7-4668-BE54-9A1E7A4F7556}") = "Billing.Service", "src\Payment.Service\Billing.Service.csproj", "{4BB711E2-42DC-4273-8B57-49D44996CD5C}"
EndProject
Project("{9A19103F-16F7-4668-BE54-9A1E7A4F7556}") = "Basket.Infrastructure", "src\Basket.Infrastructure\Basket.Infrastructure.csproj", "{629637AF-F4E9-4254-931F-1BE72CF50060}"
EndProject
Project("{9A19103F-16F7-4668-BE54-9A1E7A4F7556}") = "Casoft.MessageBus", "src\Casoft.MessageBus\Casoft.MessageBus.csproj", "{AF620C42-AEBA-4898-B9BC-A6D7B38387A4}"
EndProject
Project("{9A19103F-16F7-4668-BE54-9A1E7A4F7556}") = "Product.Services", "src\Product.Services\Product.Services.csproj", "{6684C4E2-3416-4604-B278-D5EC482A483D}"
EndProject
Project("{9A19103F-16F7-4668-BE54-9A1E7A4F7556}") = "Basket.Domain", "src\Basket.Domain\Basket.Domain.csproj", "{CBC39590-5CAD-496F-806F-B0CAF1179BD4}"
EndProject
Project("{9A19103F-16F7-4668-BE54-9A1E7A4F7556}") = "Auth.Tests", "src\Auth.Tests\Auth.Tests.csproj", "{DD62885A-1CE4-435D-A2A2-A2FC14643CF1}"
EndProject
Project("{9A19103F-16F7-4668-BE54-9A1E7A4F7556}") = "Basket.Test", "src\Basket.Test\Basket.Test.csproj", "{06AD6604-F991-4EA4-A9E8-06968C8DC7C5}"
EndProject
Global
	GlobalSection(SolutionConfigurationPlatforms) = preSolution
		Debug|Any CPU = Debug|Any CPU
		Release|Any CPU = Release|Any CPU
	EndGlobalSection
	GlobalSection(ProjectConfigurationPlatforms) = postSolution
		{883AD52C-60A6-4EB2-8BDA-FAC86D483561}.Debug|Any CPU.ActiveCfg = Debug|Any CPU
		{883AD52C-60A6-4EB2-8BDA-FAC86D483561}.Debug|Any CPU.Build.0 = Debug|Any CPU
		{883AD52C-60A6-4EB2-8BDA-FAC86D483561}.Release|Any CPU.ActiveCfg = Release|Any CPU
		{883AD52C-60A6-4EB2-8BDA-FAC86D483561}.Release|Any CPU.Build.0 = Release|Any CPU
		{A66D24BA-E183-4DEA-92E7-60C420E95183}.Debug|Any CPU.ActiveCfg = Debug|Any CPU
		{A66D24BA-E183-4DEA-92E7-60C420E95183}.Debug|Any CPU.Build.0 = Debug|Any CPU
		{A66D24BA-E183-4DEA-92E7-60C420E95183}.Release|Any CPU.ActiveCfg = Release|Any CPU
		{A66D24BA-E183-4DEA-92E7-60C420E95183}.Release|Any CPU.Build.0 = Release|Any CPU
		{54B2A6E1-F60D-4D30-9A79-ECABD2928E9F}.Debug|Any CPU.ActiveCfg = Debug|Any CPU
		{54B2A6E1-F60D-4D30-9A79-ECABD2928E9F}.Debug|Any CPU.Build.0 = Debug|Any CPU
		{54B2A6E1-F60D-4D30-9A79-ECABD2928E9F}.Release|Any CPU.ActiveCfg = Release|Any CPU
		{54B2A6E1-F60D-4D30-9A79-ECABD2928E9F}.Release|Any CPU.Build.0 = Release|Any CPU
		{FA257146-FAAE-4FE0-B122-73DD8DC160DA}.Debug|Any CPU.ActiveCfg = Debug|Any CPU
		{FA257146-FAAE-4FE0-B122-73DD8DC160DA}.Debug|Any CPU.Build.0 = Debug|Any CPU
		{FA257146-FAAE-4FE0-B122-73DD8DC160DA}.Release|Any CPU.ActiveCfg = Release|Any CPU
		{FA257146-FAAE-4FE0-B122-73DD8DC160DA}.Release|Any CPU.Build.0 = Release|Any CPU
		{212CC0DE-4CD7-42C7-B308-CE31D3AA2A2A}.Debug|Any CPU.ActiveCfg = Debug|Any CPU
		{212CC0DE-4CD7-42C7-B308-CE31D3AA2A2A}.Debug|Any CPU.Build.0 = Debug|Any CPU
		{212CC0DE-4CD7-42C7-B308-CE31D3AA2A2A}.Release|Any CPU.ActiveCfg = Release|Any CPU
		{212CC0DE-4CD7-42C7-B308-CE31D3AA2A2A}.Release|Any CPU.Build.0 = Release|Any CPU
		{C710DDDC-5C24-4813-BC29-BA5EC4A9330F}.Debug|Any CPU.ActiveCfg = Debug|Any CPU
		{C710DDDC-5C24-4813-BC29-BA5EC4A9330F}.Debug|Any CPU.Build.0 = Debug|Any CPU
		{C710DDDC-5C24-4813-BC29-BA5EC4A9330F}.Release|Any CPU.ActiveCfg = Release|Any CPU
		{C710DDDC-5C24-4813-BC29-BA5EC4A9330F}.Release|Any CPU.Build.0 = Release|Any CPU
		{4D8CEF03-09BF-4F6D-ADA2-7AEC66806D9C}.Debug|Any CPU.ActiveCfg = Debug|Any CPU
		{4D8CEF03-09BF-4F6D-ADA2-7AEC66806D9C}.Debug|Any CPU.Build.0 = Debug|Any CPU
		{4D8CEF03-09BF-4F6D-ADA2-7AEC66806D9C}.Release|Any CPU.ActiveCfg = Release|Any CPU
		{4D8CEF03-09BF-4F6D-ADA2-7AEC66806D9C}.Release|Any CPU.Build.0 = Release|Any CPU
		{05A34F6F-05E9-41D8-88E2-AA6B098990F4}.Debug|Any CPU.ActiveCfg = Debug|Any CPU
		{05A34F6F-05E9-41D8-88E2-AA6B098990F4}.Debug|Any CPU.Build.0 = Debug|Any CPU
		{05A34F6F-05E9-41D8-88E2-AA6B098990F4}.Release|Any CPU.ActiveCfg = Release|Any CPU
		{05A34F6F-05E9-41D8-88E2-AA6B098990F4}.Release|Any CPU.Build.0 = Release|Any CPU
		{A2134E2E-A653-47B8-A4A3-0EA66BA4575E}.Debug|Any CPU.ActiveCfg = Debug|Any CPU
		{A2134E2E-A653-47B8-A4A3-0EA66BA4575E}.Debug|Any CPU.Build.0 = Debug|Any CPU
		{A2134E2E-A653-47B8-A4A3-0EA66BA4575E}.Release|Any CPU.ActiveCfg = Release|Any CPU
		{A2134E2E-A653-47B8-A4A3-0EA66BA4575E}.Release|Any CPU.Build.0 = Release|Any CPU
		{B20FC712-3C23-4DA9-AC02-1C72605E8FD7}.Debug|Any CPU.ActiveCfg = Debug|Any CPU
		{B20FC712-3C23-4DA9-AC02-1C72605E8FD7}.Debug|Any CPU.Build.0 = Debug|Any CPU
		{B20FC712-3C23-4DA9-AC02-1C72605E8FD7}.Release|Any CPU.ActiveCfg = Release|Any CPU
		{B20FC712-3C23-4DA9-AC02-1C72605E8FD7}.Release|Any CPU.Build.0 = Release|Any CPU
		{E1E6E142-2A59-4143-96C2-83436E6C7164}.Debug|Any CPU.ActiveCfg = Debug|Any CPU
		{E1E6E142-2A59-4143-96C2-83436E6C7164}.Debug|Any CPU.Build.0 = Debug|Any CPU
		{E1E6E142-2A59-4143-96C2-83436E6C7164}.Release|Any CPU.ActiveCfg = Release|Any CPU
		{E1E6E142-2A59-4143-96C2-83436E6C7164}.Release|Any CPU.Build.0 = Release|Any CPU
		{77D7C67A-156F-4491-A9C0-72F5709C5626}.Debug|Any CPU.ActiveCfg = Debug|Any CPU
		{77D7C67A-156F-4491-A9C0-72F5709C5626}.Debug|Any CPU.Build.0 = Debug|Any CPU
		{77D7C67A-156F-4491-A9C0-72F5709C5626}.Release|Any CPU.ActiveCfg = Release|Any CPU
		{77D7C67A-156F-4491-A9C0-72F5709C5626}.Release|Any CPU.Build.0 = Release|Any CPU
		{2265C4D0-F309-4226-A5F2-028C8C773FB9}.Debug|Any CPU.ActiveCfg = Debug|Any CPU
		{2265C4D0-F309-4226-A5F2-028C8C773FB9}.Debug|Any CPU.Build.0 = Debug|Any CPU
		{2265C4D0-F309-4226-A5F2-028C8C773FB9}.Release|Any CPU.ActiveCfg = Release|Any CPU
		{2265C4D0-F309-4226-A5F2-028C8C773FB9}.Release|Any CPU.Build.0 = Release|Any CPU
		{6DA9B770-F4C6-484C-BA0E-63DFF98055C9}.Debug|Any CPU.ActiveCfg = Debug|Any CPU
		{6DA9B770-F4C6-484C-BA0E-63DFF98055C9}.Debug|Any CPU.Build.0 = Debug|Any CPU
		{6DA9B770-F4C6-484C-BA0E-63DFF98055C9}.Release|Any CPU.ActiveCfg = Release|Any CPU
		{6DA9B770-F4C6-484C-BA0E-63DFF98055C9}.Release|Any CPU.Build.0 = Release|Any CPU
		{E8E36D04-3A9F-4F21-AE01-3B972FDD1B50}.Debug|Any CPU.ActiveCfg = Debug|Any CPU
		{E8E36D04-3A9F-4F21-AE01-3B972FDD1B50}.Debug|Any CPU.Build.0 = Debug|Any CPU
		{E8E36D04-3A9F-4F21-AE01-3B972FDD1B50}.Release|Any CPU.ActiveCfg = Release|Any CPU
		{E8E36D04-3A9F-4F21-AE01-3B972FDD1B50}.Release|Any CPU.Build.0 = Release|Any CPU
		{237FCE4B-6014-43CC-8E34-EB96C8C8C2DD}.Debug|Any CPU.ActiveCfg = Debug|Any CPU
		{237FCE4B-6014-43CC-8E34-EB96C8C8C2DD}.Debug|Any CPU.Build.0 = Debug|Any CPU
		{237FCE4B-6014-43CC-8E34-EB96C8C8C2DD}.Release|Any CPU.ActiveCfg = Release|Any CPU
		{237FCE4B-6014-43CC-8E34-EB96C8C8C2DD}.Release|Any CPU.Build.0 = Release|Any CPU
		{A4D2E298-FBAF-431A-9F36-33ECD3973DD0}.Debug|Any CPU.ActiveCfg = Debug|Any CPU
		{A4D2E298-FBAF-431A-9F36-33ECD3973DD0}.Debug|Any CPU.Build.0 = Debug|Any CPU
		{A4D2E298-FBAF-431A-9F36-33ECD3973DD0}.Release|Any CPU.ActiveCfg = Release|Any CPU
		{A4D2E298-FBAF-431A-9F36-33ECD3973DD0}.Release|Any CPU.Build.0 = Release|Any CPU
		{630CFF47-D003-49C7-B7CC-DDA15CBEBDEC}.Debug|Any CPU.ActiveCfg = Debug|Any CPU
		{630CFF47-D003-49C7-B7CC-DDA15CBEBDEC}.Debug|Any CPU.Build.0 = Debug|Any CPU
		{630CFF47-D003-49C7-B7CC-DDA15CBEBDEC}.Release|Any CPU.ActiveCfg = Release|Any CPU
		{630CFF47-D003-49C7-B7CC-DDA15CBEBDEC}.Release|Any CPU.Build.0 = Release|Any CPU
		{F40E5176-9BB3-49B8-9688-2B31ACA51E2C}.Debug|Any CPU.ActiveCfg = Debug|Any CPU
		{F40E5176-9BB3-49B8-9688-2B31ACA51E2C}.Debug|Any CPU.Build.0 = Debug|Any CPU
		{F40E5176-9BB3-49B8-9688-2B31ACA51E2C}.Release|Any CPU.ActiveCfg = Release|Any CPU
		{F40E5176-9BB3-49B8-9688-2B31ACA51E2C}.Release|Any CPU.Build.0 = Release|Any CPU
		{D1AE83FE-7655-4775-9E96-B7FC1E4310F1}.Debug|Any CPU.ActiveCfg = Debug|Any CPU
		{D1AE83FE-7655-4775-9E96-B7FC1E4310F1}.Debug|Any CPU.Build.0 = Debug|Any CPU
		{D1AE83FE-7655-4775-9E96-B7FC1E4310F1}.Release|Any CPU.ActiveCfg = Release|Any CPU
		{D1AE83FE-7655-4775-9E96-B7FC1E4310F1}.Release|Any CPU.Build.0 = Release|Any CPU
		{CA28F873-23E1-4787-8AED-CB1B24504733}.Debug|Any CPU.ActiveCfg = Debug|Any CPU
		{CA28F873-23E1-4787-8AED-CB1B24504733}.Debug|Any CPU.Build.0 = Debug|Any CPU
		{CA28F873-23E1-4787-8AED-CB1B24504733}.Release|Any CPU.ActiveCfg = Release|Any CPU
		{CA28F873-23E1-4787-8AED-CB1B24504733}.Release|Any CPU.Build.0 = Release|Any CPU
		{C2BFD586-2BF3-4CF1-ACB1-1DEC8F7B2EDA}.Debug|Any CPU.ActiveCfg = Debug|Any CPU
		{C2BFD586-2BF3-4CF1-ACB1-1DEC8F7B2EDA}.Debug|Any CPU.Build.0 = Debug|Any CPU
		{C2BFD586-2BF3-4CF1-ACB1-1DEC8F7B2EDA}.Release|Any CPU.ActiveCfg = Release|Any CPU
		{C2BFD586-2BF3-4CF1-ACB1-1DEC8F7B2EDA}.Release|Any CPU.Build.0 = Release|Any CPU
		{C7056EA5-1970-4302-83E1-6A82733E03CB}.Debug|Any CPU.ActiveCfg = Debug|Any CPU
		{C7056EA5-1970-4302-83E1-6A82733E03CB}.Debug|Any CPU.Build.0 = Debug|Any CPU
		{C7056EA5-1970-4302-83E1-6A82733E03CB}.Release|Any CPU.ActiveCfg = Release|Any CPU
		{C7056EA5-1970-4302-83E1-6A82733E03CB}.Release|Any CPU.Build.0 = Release|Any CPU
		{8E32C64C-C50F-4B97-BF61-DB033B969121}.Debug|Any CPU.ActiveCfg = Debug|Any CPU
		{8E32C64C-C50F-4B97-BF61-DB033B969121}.Debug|Any CPU.Build.0 = Debug|Any CPU
		{8E32C64C-C50F-4B97-BF61-DB033B969121}.Release|Any CPU.ActiveCfg = Release|Any CPU
		{8E32C64C-C50F-4B97-BF61-DB033B969121}.Release|Any CPU.Build.0 = Release|Any CPU
		{A3AA5732-AC1A-4C0A-8B6B-248B5C3EA4A1}.Debug|Any CPU.ActiveCfg = Debug|Any CPU
		{A3AA5732-AC1A-4C0A-8B6B-248B5C3EA4A1}.Debug|Any CPU.Build.0 = Debug|Any CPU
		{A3AA5732-AC1A-4C0A-8B6B-248B5C3EA4A1}.Release|Any CPU.ActiveCfg = Release|Any CPU
		{A3AA5732-AC1A-4C0A-8B6B-248B5C3EA4A1}.Release|Any CPU.Build.0 = Release|Any CPU
		{2A8179F5-934E-4226-95AE-95B066209734}.Debug|Any CPU.ActiveCfg = Debug|Any CPU
		{2A8179F5-934E-4226-95AE-95B066209734}.Debug|Any CPU.Build.0 = Debug|Any CPU
		{2A8179F5-934E-4226-95AE-95B066209734}.Release|Any CPU.ActiveCfg = Release|Any CPU
		{2A8179F5-934E-4226-95AE-95B066209734}.Release|Any CPU.Build.0 = Release|Any CPU
		{4BB711E2-42DC-4273-8B57-49D44996CD5C}.Debug|Any CPU.ActiveCfg = Debug|Any CPU
		{4BB711E2-42DC-4273-8B57-49D44996CD5C}.Debug|Any CPU.Build.0 = Debug|Any CPU
		{4BB711E2-42DC-4273-8B57-49D44996CD5C}.Release|Any CPU.ActiveCfg = Release|Any CPU
		{4BB711E2-42DC-4273-8B57-49D44996CD5C}.Release|Any CPU.Build.0 = Release|Any CPU
		{629637AF-F4E9-4254-931F-1BE72CF50060}.Debug|Any CPU.ActiveCfg = Debug|Any CPU
		{629637AF-F4E9-4254-931F-1BE72CF50060}.Debug|Any CPU.Build.0 = Debug|Any CPU
		{629637AF-F4E9-4254-931F-1BE72CF50060}.Release|Any CPU.ActiveCfg = Release|Any CPU
		{629637AF-F4E9-4254-931F-1BE72CF50060}.Release|Any CPU.Build.0 = Release|Any CPU
		{AF620C42-AEBA-4898-B9BC-A6D7B38387A4}.Debug|Any CPU.ActiveCfg = Debug|Any CPU
		{AF620C42-AEBA-4898-B9BC-A6D7B38387A4}.Debug|Any CPU.Build.0 = Debug|Any CPU
		{AF620C42-AEBA-4898-B9BC-A6D7B38387A4}.Release|Any CPU.ActiveCfg = Release|Any CPU
		{AF620C42-AEBA-4898-B9BC-A6D7B38387A4}.Release|Any CPU.Build.0 = Release|Any CPU
		{6684C4E2-3416-4604-B278-D5EC482A483D}.Debug|Any CPU.ActiveCfg = Debug|Any CPU
		{6684C4E2-3416-4604-B278-D5EC482A483D}.Debug|Any CPU.Build.0 = Debug|Any CPU
		{6684C4E2-3416-4604-B278-D5EC482A483D}.Release|Any CPU.ActiveCfg = Release|Any CPU
		{6684C4E2-3416-4604-B278-D5EC482A483D}.Release|Any CPU.Build.0 = Release|Any CPU
		{CBC39590-5CAD-496F-806F-B0CAF1179BD4}.Debug|Any CPU.ActiveCfg = Debug|Any CPU
		{CBC39590-5CAD-496F-806F-B0CAF1179BD4}.Debug|Any CPU.Build.0 = Debug|Any CPU
		{CBC39590-5CAD-496F-806F-B0CAF1179BD4}.Release|Any CPU.ActiveCfg = Release|Any CPU
		{CBC39590-5CAD-496F-806F-B0CAF1179BD4}.Release|Any CPU.Build.0 = Release|Any CPU
		{DD62885A-1CE4-435D-A2A2-A2FC14643CF1}.Debug|Any CPU.ActiveCfg = Debug|Any CPU
		{DD62885A-1CE4-435D-A2A2-A2FC14643CF1}.Debug|Any CPU.Build.0 = Debug|Any CPU
		{DD62885A-1CE4-435D-A2A2-A2FC14643CF1}.Release|Any CPU.ActiveCfg = Release|Any CPU
		{DD62885A-1CE4-435D-A2A2-A2FC14643CF1}.Release|Any CPU.Build.0 = Release|Any CPU
		{06AD6604-F991-4EA4-A9E8-06968C8DC7C5}.Debug|Any CPU.ActiveCfg = Debug|Any CPU
		{06AD6604-F991-4EA4-A9E8-06968C8DC7C5}.Debug|Any CPU.Build.0 = Debug|Any CPU
		{06AD6604-F991-4EA4-A9E8-06968C8DC7C5}.Release|Any CPU.ActiveCfg = Release|Any CPU
		{06AD6604-F991-4EA4-A9E8-06968C8DC7C5}.Release|Any CPU.Build.0 = Release|Any CPU
	EndGlobalSection
	GlobalSection(SolutionProperties) = preSolution
		HideSolutionNode = FALSE
	EndGlobalSection
	GlobalSection(NestedProjects) = preSolution
		{A07709C0-8F49-4371-9836-C609576206DE} = {F0A40A30-FC88-42AB-ABDF-7AA1D68391E5}
		{2A6CFD7D-4804-4490-AE6D-8E36387CABC1} = {F0A40A30-FC88-42AB-ABDF-7AA1D68391E5}
		{883AD52C-60A6-4EB2-8BDA-FAC86D483561} = {2A6CFD7D-4804-4490-AE6D-8E36387CABC1}
		{A66D24BA-E183-4DEA-92E7-60C420E95183} = {A07709C0-8F49-4371-9836-C609576206DE}
		{54B2A6E1-F60D-4D30-9A79-ECABD2928E9F} = {A07709C0-8F49-4371-9836-C609576206DE}
		{FA257146-FAAE-4FE0-B122-73DD8DC160DA} = {5C4B0170-7D8C-4057-A698-6CDC778518EA}
		{212CC0DE-4CD7-42C7-B308-CE31D3AA2A2A} = {5C4B0170-7D8C-4057-A698-6CDC778518EA}
		{C710DDDC-5C24-4813-BC29-BA5EC4A9330F} = {2A6CFD7D-4804-4490-AE6D-8E36387CABC1}
		{4D8CEF03-09BF-4F6D-ADA2-7AEC66806D9C} = {DCCDBC52-10C2-49AB-B90C-5DDB377EB403}
		{05A34F6F-05E9-41D8-88E2-AA6B098990F4} = {02837D81-1053-4E8D-B5E4-D3A78EECDD7A}
		{A2134E2E-A653-47B8-A4A3-0EA66BA4575E} = {A07709C0-8F49-4371-9836-C609576206DE}
		{B20FC712-3C23-4DA9-AC02-1C72605E8FD7} = {A07709C0-8F49-4371-9836-C609576206DE}
		{E1E6E142-2A59-4143-96C2-83436E6C7164} = {A07709C0-8F49-4371-9836-C609576206DE}
		{77D7C67A-156F-4491-A9C0-72F5709C5626} = {02837D81-1053-4E8D-B5E4-D3A78EECDD7A}
		{C56846FC-76CD-4EC8-8748-FFC729678CA3} = {F0A40A30-FC88-42AB-ABDF-7AA1D68391E5}
		{2265C4D0-F309-4226-A5F2-028C8C773FB9} = {C56846FC-76CD-4EC8-8748-FFC729678CA3}
		{BDDB4CB9-BE1B-4499-90AA-0C7D260FB47D} = {F0A40A30-FC88-42AB-ABDF-7AA1D68391E5}
		{33784963-1073-480C-8440-76CC97927538} = {F0A40A30-FC88-42AB-ABDF-7AA1D68391E5}
		{AD162F7B-588E-4BE2-B8D3-B357FA35B81E} = {F0A40A30-FC88-42AB-ABDF-7AA1D68391E5}
		{A140391B-55D2-4911-8B0F-28D158B47EB3} = {F0A40A30-FC88-42AB-ABDF-7AA1D68391E5}
		{6DA9B770-F4C6-484C-BA0E-63DFF98055C9} = {2A6CFD7D-4804-4490-AE6D-8E36387CABC1}
		{E8E36D04-3A9F-4F21-AE01-3B972FDD1B50} = {2A6CFD7D-4804-4490-AE6D-8E36387CABC1}
		{237FCE4B-6014-43CC-8E34-EB96C8C8C2DD} = {BDDB4CB9-BE1B-4499-90AA-0C7D260FB47D}
		{A4D2E298-FBAF-431A-9F36-33ECD3973DD0} = {33784963-1073-480C-8440-76CC97927538}
		{630CFF47-D003-49C7-B7CC-DDA15CBEBDEC} = {A140391B-55D2-4911-8B0F-28D158B47EB3}
		{F40E5176-9BB3-49B8-9688-2B31ACA51E2C} = {AD162F7B-588E-4BE2-B8D3-B357FA35B81E}
		{D1AE83FE-7655-4775-9E96-B7FC1E4310F1} = {33784963-1073-480C-8440-76CC97927538}
		{CA28F873-23E1-4787-8AED-CB1B24504733} = {33784963-1073-480C-8440-76CC97927538}
		{C2BFD586-2BF3-4CF1-ACB1-1DEC8F7B2EDA} = {33784963-1073-480C-8440-76CC97927538}
		{C7056EA5-1970-4302-83E1-6A82733E03CB} = {A140391B-55D2-4911-8B0F-28D158B47EB3}
		{8E32C64C-C50F-4B97-BF61-DB033B969121} = {A140391B-55D2-4911-8B0F-28D158B47EB3}
		{A3AA5732-AC1A-4C0A-8B6B-248B5C3EA4A1} = {BDDB4CB9-BE1B-4499-90AA-0C7D260FB47D}
		{2A8179F5-934E-4226-95AE-95B066209734} = {BDDB4CB9-BE1B-4499-90AA-0C7D260FB47D}
		{4BB711E2-42DC-4273-8B57-49D44996CD5C} = {BDDB4CB9-BE1B-4499-90AA-0C7D260FB47D}
		{629637AF-F4E9-4254-931F-1BE72CF50060} = {AD162F7B-588E-4BE2-B8D3-B357FA35B81E}
		{AF620C42-AEBA-4898-B9BC-A6D7B38387A4} = {02837D81-1053-4E8D-B5E4-D3A78EECDD7A}
		{6684C4E2-3416-4604-B278-D5EC482A483D} = {2A6CFD7D-4804-4490-AE6D-8E36387CABC1}
		{CBC39590-5CAD-496F-806F-B0CAF1179BD4} = {AD162F7B-588E-4BE2-B8D3-B357FA35B81E}
		{DD62885A-1CE4-435D-A2A2-A2FC14643CF1} = {C56846FC-76CD-4EC8-8748-FFC729678CA3}
		{06AD6604-F991-4EA4-A9E8-06968C8DC7C5} = {AD162F7B-588E-4BE2-B8D3-B357FA35B81E}
	EndGlobalSection
	GlobalSection(ExtensibilityGlobals) = postSolution
		SolutionGuid = {97771150-AEAB-48C1-B546-BC1ED7374A93}
	EndGlobalSection
EndGlobal
